
Microsoft Visual Studio Solution File, Format Version 12.00
# Visual Studio Version 17
VisualStudioVersion = 17.4.33110.190
MinimumVisualStudioVersion = 10.0.40219.1
Project("{FAE04EC0-301F-11D3-BF4B-00C04F79EFBC}") = "Pract_ChartBox", "Pract_ChartBox\Pract_ChartBox.csproj", "{BF5BC2ED-2379-45E0-AB1B-B46AF6BA7415}"
EndProject
Global
	GlobalSection(SolutionConfigurationPlatforms) = preSolution
		Debug|Any CPU = Debug|Any CPU
		Release|Any CPU = Release|Any CPU
	EndGlobalSection
	GlobalSection(ProjectConfigurationPlatforms) = postSolution
		{BF5BC2ED-2379-45E0-AB1B-B46AF6BA7415}.Debug|Any CPU.ActiveCfg = Debug|Any CPU
		{BF5BC2ED-2379-45E0-AB1B-B46AF6BA7415}.Debug|Any CPU.Build.0 = Debug|Any CPU
		{BF5BC2ED-2379-45E0-AB1B-B46AF6BA7415}.Release|Any CPU.ActiveCfg = Release|Any CPU
		{BF5BC2ED-2379-45E0-AB1B-B46AF6BA7415}.Release|Any CPU.Build.0 = Release|Any CPU
	EndGlobalSection
	GlobalSection(SolutionProperties) = preSolution
		HideSolutionNode = FALSE
	EndGlobalSection
	GlobalSection(ExtensibilityGlobals) = postSolution
		SolutionGuid = {9DE8FAFB-8663-48CA-BF6F-4A2E89BFC3C1}
	EndGlobalSection
EndGlobal
